
Microsoft Visual Studio Solution File, Format Version 12.00
# Visual Studio Version 17
VisualStudioVersion = 17.4.33213.308
MinimumVisualStudioVersion = 10.0.40219.1
Project("{2150E333-8FDC-42A3-9474-1A3956D46DE8}") = "src", "src", "{D9E49A6B-989C-491D-94CA-E9F832951B1B}"
EndProject
Project("{2150E333-8FDC-42A3-9474-1A3956D46DE8}") = "test", "test", "{64159D35-DB8A-4B4A-8D89-0FB0E51DD8FB}"
EndProject
Project("{2150E333-8FDC-42A3-9474-1A3956D46DE8}") = "Solution Items", "Solution Items", "{1FBDB4E1-4EA6-4AB5-AEF1-2042D8AF9A4B}"
	ProjectSection(SolutionItems) = preProject
		ARCHITECTURE_DECISSIONS.md = ARCHITECTURE_DECISSIONS.md
		README.md = README.md
	EndProjectSection
EndProject
Project("{9A19103F-16F7-4668-BE54-9A1E7A4F7556}") = "Networking", "src\Networking\Networking.csproj", "{41ACFA0C-023E-43B7-B58A-7ABF165EA16C}"
EndProject
Project("{9A19103F-16F7-4668-BE54-9A1E7A4F7556}") = "Networking.UnitTests", "test\Networking.UnitTests\Networking.UnitTests.csproj", "{E2F65946-7017-4E84-ADEB-49D3181D1FA1}"
EndProject
Project("{9A19103F-16F7-4668-BE54-9A1E7A4F7556}") = "Chess", "src\Chess\Chess.csproj", "{051CDAC7-F0CA-49B1-A380-323DF530EDAD}"
EndProject
Project("{9A19103F-16F7-4668-BE54-9A1E7A4F7556}") = "Chess.UnitTests", "test\Chess.UnitTests\Chess.UnitTests.csproj", "{17265DDB-9AC0-45DD-9B26-4FC2D4ACE9D3}"
EndProject
Project("{FAE04EC0-301F-11D3-BF4B-00C04F79EFBC}") = "Game", "src\Game\Game.csproj", "{333E01B3-83A3-408E-9A48-1CACABCA75B4}"
EndProject
Global
	GlobalSection(SolutionConfigurationPlatforms) = preSolution
		Debug|Any CPU = Debug|Any CPU
		Release|Any CPU = Release|Any CPU
	EndGlobalSection
	GlobalSection(ProjectConfigurationPlatforms) = postSolution
		{41ACFA0C-023E-43B7-B58A-7ABF165EA16C}.Debug|Any CPU.ActiveCfg = Debug|Any CPU
		{41ACFA0C-023E-43B7-B58A-7ABF165EA16C}.Debug|Any CPU.Build.0 = Debug|Any CPU
		{41ACFA0C-023E-43B7-B58A-7ABF165EA16C}.Release|Any CPU.ActiveCfg = Release|Any CPU
		{41ACFA0C-023E-43B7-B58A-7ABF165EA16C}.Release|Any CPU.Build.0 = Release|Any CPU
		{E2F65946-7017-4E84-ADEB-49D3181D1FA1}.Debug|Any CPU.ActiveCfg = Debug|Any CPU
		{E2F65946-7017-4E84-ADEB-49D3181D1FA1}.Debug|Any CPU.Build.0 = Debug|Any CPU
		{E2F65946-7017-4E84-ADEB-49D3181D1FA1}.Release|Any CPU.ActiveCfg = Release|Any CPU
		{E2F65946-7017-4E84-ADEB-49D3181D1FA1}.Release|Any CPU.Build.0 = Release|Any CPU
		{051CDAC7-F0CA-49B1-A380-323DF530EDAD}.Debug|Any CPU.ActiveCfg = Debug|Any CPU
		{051CDAC7-F0CA-49B1-A380-323DF530EDAD}.Debug|Any CPU.Build.0 = Debug|Any CPU
		{051CDAC7-F0CA-49B1-A380-323DF530EDAD}.Release|Any CPU.ActiveCfg = Release|Any CPU
		{051CDAC7-F0CA-49B1-A380-323DF530EDAD}.Release|Any CPU.Build.0 = Release|Any CPU
		{17265DDB-9AC0-45DD-9B26-4FC2D4ACE9D3}.Debug|Any CPU.ActiveCfg = Debug|Any CPU
		{17265DDB-9AC0-45DD-9B26-4FC2D4ACE9D3}.Debug|Any CPU.Build.0 = Debug|Any CPU
		{17265DDB-9AC0-45DD-9B26-4FC2D4ACE9D3}.Release|Any CPU.ActiveCfg = Release|Any CPU
		{17265DDB-9AC0-45DD-9B26-4FC2D4ACE9D3}.Release|Any CPU.Build.0 = Release|Any CPU
		{333E01B3-83A3-408E-9A48-1CACABCA75B4}.Debug|Any CPU.ActiveCfg = Debug|Any CPU
		{333E01B3-83A3-408E-9A48-1CACABCA75B4}.Debug|Any CPU.Build.0 = Debug|Any CPU
		{333E01B3-83A3-408E-9A48-1CACABCA75B4}.Release|Any CPU.ActiveCfg = Release|Any CPU
		{333E01B3-83A3-408E-9A48-1CACABCA75B4}.Release|Any CPU.Build.0 = Release|Any CPU
	EndGlobalSection
	GlobalSection(SolutionProperties) = preSolution
		HideSolutionNode = FALSE
	EndGlobalSection
	GlobalSection(NestedProjects) = preSolution
		{41ACFA0C-023E-43B7-B58A-7ABF165EA16C} = {D9E49A6B-989C-491D-94CA-E9F832951B1B}
		{E2F65946-7017-4E84-ADEB-49D3181D1FA1} = {64159D35-DB8A-4B4A-8D89-0FB0E51DD8FB}
		{051CDAC7-F0CA-49B1-A380-323DF530EDAD} = {D9E49A6B-989C-491D-94CA-E9F832951B1B}
		{17265DDB-9AC0-45DD-9B26-4FC2D4ACE9D3} = {64159D35-DB8A-4B4A-8D89-0FB0E51DD8FB}
		{333E01B3-83A3-408E-9A48-1CACABCA75B4} = {D9E49A6B-989C-491D-94CA-E9F832951B1B}
	EndGlobalSection
	GlobalSection(ExtensibilityGlobals) = postSolution
		SolutionGuid = {827BCF5A-7EA5-424B-8FC3-08949F278111}
	EndGlobalSection
EndGlobal
