
Microsoft Visual Studio Solution File, Format Version 12.00
# Visual Studio Version 17
VisualStudioVersion = 17.4.33213.308
MinimumVisualStudioVersion = 10.0.40219.1
Project("{FAE04EC0-301F-11D3-BF4B-00C04F79EFBC}") = "ChessInConsole.UI", "ChessInConsole.UI\ChessInConsole.UI.csproj", "{72AB438C-B1FA-4685-9D4C-877694FD7841}"
EndProject
Global
	GlobalSection(SolutionConfigurationPlatforms) = preSolution
		Debug|Any CPU = Debug|Any CPU
		Release|Any CPU = Release|Any CPU
	EndGlobalSection
	GlobalSection(ProjectConfigurationPlatforms) = postSolution
		{72AB438C-B1FA-4685-9D4C-877694FD7841}.Debug|Any CPU.ActiveCfg = Debug|Any CPU
		{72AB438C-B1FA-4685-9D4C-877694FD7841}.Debug|Any CPU.Build.0 = Debug|Any CPU
		{72AB438C-B1FA-4685-9D4C-877694FD7841}.Release|Any CPU.ActiveCfg = Release|Any CPU
		{72AB438C-B1FA-4685-9D4C-877694FD7841}.Release|Any CPU.Build.0 = Release|Any CPU
	EndGlobalSection
	GlobalSection(SolutionProperties) = preSolution
		HideSolutionNode = FALSE
	EndGlobalSection
	GlobalSection(ExtensibilityGlobals) = postSolution
		SolutionGuid = {827BCF5A-7EA5-424B-8FC3-08949F278111}
	EndGlobalSection
EndGlobal
